<?xml version="1.0" encoding="utf-8"?>
<Project ToolsVersion="4.0" xmlns="http://schemas.microsoft.com/developer/msbuild/2003">
  <ItemGroup>
    <ClCompile Include="main.cpp" />
    <ClCompile Include="BiCubicFrameEnhancer.cpp">
      <Filter>Source Files</Filter>
    </ClCompile>
    <ClCompile Include="NNFrameEnhancer.cpp">
      <Filter>Source Files</Filter>
    </ClCompile>
    <ClCompile Include="GeneratedFiles\qrc_FilmUpperQt.cpp">
      <Filter>Source Files</Filter>
    </ClCompile>
    <ClCompile Include="GeneratedFiles\Debug\moc_FilmUpperQt.cpp">
      <Filter>Source Files</Filter>
    </ClCompile>
    <ClCompile Include="InterpolationFrameEnhancer.cpp">
      <Filter>Source Files</Filter>
    </ClCompile>
    <ClCompile Include="InterpolationFpsEnhancer.cpp">
      <Filter>Source Files</Filter>
    </ClCompile>
    <ClCompile Include="InterlaceFpsEnhancer.cpp">
      <Filter>Source Files</Filter>
    </ClCompile>
    <ClCompile Include="FrameWriter.cpp">
      <Filter>Source Files</Filter>
    </ClCompile>
    <ClCompile Include="FrameReader.cpp">
      <Filter>Source Files</Filter>
    </ClCompile>
    <ClCompile Include="FilmUpperQt.cpp">
      <Filter>Source Files</Filter>
    </ClCompile>
    <ClCompile Include="FilmUpperController.cpp">
      <Filter>Source Files</Filter>
    </ClCompile>
    <ClCompile Include="MaskFrameEnhancer.cpp">
      <Filter>Source Files</Filter>
    </ClCompile>
  </ItemGroup>
  <ItemGroup>
    <ClInclude Include="VFHack.h">
      <Filter>Header Files</Filter>
    </ClInclude>
    <ClInclude Include="BiCubicFrameEnhancerHeader.h">
      <Filter>Header Files</Filter>
    </ClInclude>
    <ClInclude Include="BiCubicFrameEnhancer.h">
      <Filter>Header Files</Filter>
    </ClInclude>
    <ClInclude Include="ConstantTestFrameReader.h">
      <Filter>Header Files</Filter>
    </ClInclude>
    <ClInclude Include="FilmQualityInfo.h">
      <Filter>Header Files</Filter>
    </ClInclude>
    <ClInclude Include="FilmUpperController.h">
      <Filter>Header Files</Filter>
    </ClInclude>
    <ClInclude Include="FpsEnhancerBase.h">
      <Filter>Header Files</Filter>
    </ClInclude>
    <ClInclude Include="FrameEnhancerBase.h">
      <Filter>Header Files</Filter>
    </ClInclude>
    <ClInclude Include="FrameReader.h">
      <Filter>Header Files</Filter>
    </ClInclude>
    <ClInclude Include="FrameWriter.h">
      <Filter>Header Files</Filter>
    </ClInclude>
    <ClInclude Include="IFpsEnhancerHeader.h">
      <Filter>Header Files</Filter>
    </ClInclude>
    <ClInclude Include="IFrameEnhancerHeader.h">
      <Filter>Header Files</Filter>
    </ClInclude>
    <ClInclude Include="IFrameReader.h">
      <Filter>Header Files</Filter>
    </ClInclude>
    <ClInclude Include="InterlaceFpsEnhancer.h">
      <Filter>Header Files</Filter>
    </ClInclude>
    <ClInclude Include="VideoFrame.h">
      <Filter>Header Files</Filter>
    </ClInclude>
    <ClInclude Include="GeneratedFiles\ui_FilmUpperQt.h">
      <Filter>Header Files</Filter>
    </ClInclude>
    <ClInclude Include="TestClassModule.h">
      <Filter>Header Files</Filter>
    </ClInclude>
    <ClInclude Include="NOPFrameEnhancerHeader.h">
      <Filter>Header Files</Filter>
    </ClInclude>
    <ClInclude Include="NOPFrameEnhancer.h">
      <Filter>Header Files</Filter>
    </ClInclude>
    <ClInclude Include="NOPFpsEnhancerHeader.h">
      <Filter>Header Files</Filter>
    </ClInclude>
    <ClInclude Include="NOPFpsEnhancer.h">
      <Filter>Header Files</Filter>
    </ClInclude>
    <ClInclude Include="NNFrameEnhancerHeader.h">
      <Filter>Header Files</Filter>
    </ClInclude>
    <ClInclude Include="NNFrameEnhancer.h">
      <Filter>Header Files</Filter>
    </ClInclude>
    <ClInclude Include="InterpolationFrameEnhancerHeader.h">
      <Filter>Header Files</Filter>
    </ClInclude>
    <ClInclude Include="InterpolationFrameEnhancer.h">
      <Filter>Header Files</Filter>
    </ClInclude>
    <ClInclude Include="InterpolationFpsEnhancerHeader.h">
      <Filter>Header Files</Filter>
    </ClInclude>
    <ClInclude Include="InterpolationFpsEnhancer.h">
      <Filter>Header Files</Filter>
    </ClInclude>
    <ClInclude Include="MaskFrameEnhancer.h">
      <Filter>Header Files</Filter>
    </ClInclude>
    <ClInclude Include="MaskFrameEnhancerHeader.h">
      <Filter>Header Files</Filter>
    </ClInclude>
    <ClInclude Include="InterlaceFpsEnhancerHeader.h">
      <Filter>Header Files</Filter>
    </ClInclude>
  </ItemGroup>
  <ItemGroup>
    <CustomBuild Include="FilmUpperQt.ui" />
    <CustomBuild Include="FilmUpperQt.qrc" />
    <CustomBuild Include="FilmUpperQt.h">
      <Filter>Header Files</Filter>
    </CustomBuild>
  </ItemGroup>
  <ItemGroup>
    <Filter Include="Header Files">
      <UniqueIdentifier>{93995380-89BD-4b04-88EB-625FBE52EBFB}</UniqueIdentifier>
      <Extensions>h;hh;hpp;hxx;hm;inl;inc;xsd</Extensions>
      <ParseFiles>true</ParseFiles>
    </Filter>
    <Filter Include="Source Files">
      <UniqueIdentifier>{4FC737F1-C7A5-4376-A066-2A32D752A2FF}</UniqueIdentifier>
      <Extensions>cpp;c;cc;cxx;def;odl;idl;hpj;bat;asm;asmx</Extensions>
      <ParseFiles>true</ParseFiles>
    </Filter>
  </ItemGroup>
  <ItemGroup>
    <None Include="packages.config" />
  </ItemGroup>
</Project>